
Microsoft Visual Studio Solution File, Format Version 12.00
# Visual Studio Version 16
VisualStudioVersion = 16.0.30611.23
MinimumVisualStudioVersion = 10.0.40219.1
Project("{FAE04EC0-301F-11D3-BF4B-00C04F79EFBC}") = "Pop_Stefana_Lab6", "Pop_Stefana_Lab6.csproj", "{4DC2E31C-9B83-485A-B3F2-5BA2DDE7CBD5}"
EndProject
Project("{FAE04EC0-301F-11D3-BF4B-00C04F79EFBC}") = "PhoneBookModel", "..\PhoneBookModel\PhoneBookModel.csproj", "{B3BD4E1B-7EF5-4E3E-802A-F61624F0437C}"
EndProject
Global
	GlobalSection(SolutionConfigurationPlatforms) = preSolution
		Debug|Any CPU = Debug|Any CPU
		Release|Any CPU = Release|Any CPU
	EndGlobalSection
	GlobalSection(ProjectConfigurationPlatforms) = postSolution
		{4DC2E31C-9B83-485A-B3F2-5BA2DDE7CBD5}.Debug|Any CPU.ActiveCfg = Debug|Any CPU
		{4DC2E31C-9B83-485A-B3F2-5BA2DDE7CBD5}.Debug|Any CPU.Build.0 = Debug|Any CPU
		{4DC2E31C-9B83-485A-B3F2-5BA2DDE7CBD5}.Release|Any CPU.ActiveCfg = Release|Any CPU
		{4DC2E31C-9B83-485A-B3F2-5BA2DDE7CBD5}.Release|Any CPU.Build.0 = Release|Any CPU
		{B3BD4E1B-7EF5-4E3E-802A-F61624F0437C}.Debug|Any CPU.ActiveCfg = Debug|Any CPU
		{B3BD4E1B-7EF5-4E3E-802A-F61624F0437C}.Debug|Any CPU.Build.0 = Debug|Any CPU
		{B3BD4E1B-7EF5-4E3E-802A-F61624F0437C}.Release|Any CPU.ActiveCfg = Release|Any CPU
		{B3BD4E1B-7EF5-4E3E-802A-F61624F0437C}.Release|Any CPU.Build.0 = Release|Any CPU
	EndGlobalSection
	GlobalSection(SolutionProperties) = preSolution
		HideSolutionNode = FALSE
	EndGlobalSection
	GlobalSection(ExtensibilityGlobals) = postSolution
		SolutionGuid = {F2C6281D-63DF-4197-9741-112DBB8E9BAD}
	EndGlobalSection
EndGlobal
